
Microsoft Visual Studio Solution File, Format Version 12.00
# Visual Studio 2012
Project("{FAE04EC0-301F-11D3-BF4B-00C04F79EFBC}") = "FacialDetection", "FacialDetection\FacialDetection.csproj", "{E0D06DE0-D926-4835-B763-2AB01443DE4B}"
EndProject
Global
	GlobalSection(SolutionConfigurationPlatforms) = preSolution
		Debug|Any CPU = Debug|Any CPU
		Release|Any CPU = Release|Any CPU
	EndGlobalSection
	GlobalSection(ProjectConfigurationPlatforms) = postSolution
		{E0D06DE0-D926-4835-B763-2AB01443DE4B}.Debug|Any CPU.ActiveCfg = Debug|Any CPU
		{E0D06DE0-D926-4835-B763-2AB01443DE4B}.Debug|Any CPU.Build.0 = Debug|Any CPU
		{E0D06DE0-D926-4835-B763-2AB01443DE4B}.Release|Any CPU.ActiveCfg = Release|Any CPU
		{E0D06DE0-D926-4835-B763-2AB01443DE4B}.Release|Any CPU.Build.0 = Release|Any CPU
	EndGlobalSection
EndGlobal
